
Microsoft Visual Studio Solution File, Format Version 12.00
# Visual Studio 15
VisualStudioVersion = 15.0.28307.1062
MinimumVisualStudioVersion = 10.0.40219.1
Project("{FAE04EC0-301F-11D3-BF4B-00C04F79EFBC}") = "ClubbingPay", "ClubbingPay\ClubbingPay.csproj", "{E4815047-D226-494B-B68F-13ACB9F6103C}"
EndProject
Global
	GlobalSection(SolutionConfigurationPlatforms) = preSolution
		Debug|Any CPU = Debug|Any CPU
		Release|Any CPU = Release|Any CPU
	EndGlobalSection
	GlobalSection(ProjectConfigurationPlatforms) = postSolution
		{E4815047-D226-494B-B68F-13ACB9F6103C}.Debug|Any CPU.ActiveCfg = Debug|Any CPU
		{E4815047-D226-494B-B68F-13ACB9F6103C}.Debug|Any CPU.Build.0 = Debug|Any CPU
		{E4815047-D226-494B-B68F-13ACB9F6103C}.Release|Any CPU.ActiveCfg = Release|Any CPU
		{E4815047-D226-494B-B68F-13ACB9F6103C}.Release|Any CPU.Build.0 = Release|Any CPU
	EndGlobalSection
	GlobalSection(SolutionProperties) = preSolution
		HideSolutionNode = FALSE
	EndGlobalSection
	GlobalSection(ExtensibilityGlobals) = postSolution
		SolutionGuid = {BAB218DF-C522-44BF-9259-BE44FE6AC453}
	EndGlobalSection
EndGlobal
