
Microsoft Visual Studio Solution File, Format Version 12.00
# Visual Studio 15
VisualStudioVersion = 15.0.28307.1022
MinimumVisualStudioVersion = 10.0.40219.1
Project("{FAE04EC0-301F-11D3-BF4B-00C04F79EFBC}") = "PresentationLayer", "PresentationLayer\PresentationLayer.csproj", "{84362D72-9A39-462C-9592-68761E329B86}"
EndProject
Project("{FAE04EC0-301F-11D3-BF4B-00C04F79EFBC}") = "BusinessLayer", "BusinessLayer\BusinessLayer.csproj", "{F4FF231B-3F8F-41D3-8F03-4FF5A679AFD2}"
EndProject
Project("{FAE04EC0-301F-11D3-BF4B-00C04F79EFBC}") = "DatabaseLayer", "DatabaseLayer\DatabaseLayer.csproj", "{57E33383-E08F-4F56-958E-ECAAB3E80C80}"
EndProject
Global
	GlobalSection(SolutionConfigurationPlatforms) = preSolution
		Debug|Any CPU = Debug|Any CPU
		Release|Any CPU = Release|Any CPU
	EndGlobalSection
	GlobalSection(ProjectConfigurationPlatforms) = postSolution
		{84362D72-9A39-462C-9592-68761E329B86}.Debug|Any CPU.ActiveCfg = Debug|Any CPU
		{84362D72-9A39-462C-9592-68761E329B86}.Debug|Any CPU.Build.0 = Debug|Any CPU
		{84362D72-9A39-462C-9592-68761E329B86}.Release|Any CPU.ActiveCfg = Release|Any CPU
		{84362D72-9A39-462C-9592-68761E329B86}.Release|Any CPU.Build.0 = Release|Any CPU
		{F4FF231B-3F8F-41D3-8F03-4FF5A679AFD2}.Debug|Any CPU.ActiveCfg = Debug|Any CPU
		{F4FF231B-3F8F-41D3-8F03-4FF5A679AFD2}.Debug|Any CPU.Build.0 = Debug|Any CPU
		{F4FF231B-3F8F-41D3-8F03-4FF5A679AFD2}.Release|Any CPU.ActiveCfg = Release|Any CPU
		{F4FF231B-3F8F-41D3-8F03-4FF5A679AFD2}.Release|Any CPU.Build.0 = Release|Any CPU
		{57E33383-E08F-4F56-958E-ECAAB3E80C80}.Debug|Any CPU.ActiveCfg = Debug|Any CPU
		{57E33383-E08F-4F56-958E-ECAAB3E80C80}.Debug|Any CPU.Build.0 = Debug|Any CPU
		{57E33383-E08F-4F56-958E-ECAAB3E80C80}.Release|Any CPU.ActiveCfg = Release|Any CPU
		{57E33383-E08F-4F56-958E-ECAAB3E80C80}.Release|Any CPU.Build.0 = Release|Any CPU
	EndGlobalSection
	GlobalSection(SolutionProperties) = preSolution
		HideSolutionNode = FALSE
	EndGlobalSection
	GlobalSection(ExtensibilityGlobals) = postSolution
		SolutionGuid = {84DBD257-46C3-4E83-8724-BE26FDCFF771}
	EndGlobalSection
EndGlobal
